
Microsoft Visual Studio Solution File, Format Version 12.00
# Visual Studio Version 16
VisualStudioVersion = 16.0.30907.101
MinimumVisualStudioVersion = 10.0.40219.1
Project("{FAE04EC0-301F-11D3-BF4B-00C04F79EFBC}") = "Classificador de triangulo", "Classificador de triangulo\Classificador de triangulo.csproj", "{FD9B26BB-4230-419F-91AD-C8CB5958424F}"
EndProject
Global
	GlobalSection(SolutionConfigurationPlatforms) = preSolution
		Debug|Any CPU = Debug|Any CPU
		Release|Any CPU = Release|Any CPU
	EndGlobalSection
	GlobalSection(ProjectConfigurationPlatforms) = postSolution
		{FD9B26BB-4230-419F-91AD-C8CB5958424F}.Debug|Any CPU.ActiveCfg = Debug|Any CPU
		{FD9B26BB-4230-419F-91AD-C8CB5958424F}.Debug|Any CPU.Build.0 = Debug|Any CPU
		{FD9B26BB-4230-419F-91AD-C8CB5958424F}.Release|Any CPU.ActiveCfg = Release|Any CPU
		{FD9B26BB-4230-419F-91AD-C8CB5958424F}.Release|Any CPU.Build.0 = Release|Any CPU
	EndGlobalSection
	GlobalSection(SolutionProperties) = preSolution
		HideSolutionNode = FALSE
	EndGlobalSection
	GlobalSection(ExtensibilityGlobals) = postSolution
		SolutionGuid = {125850CD-F589-417A-ADED-DCBB5D570816}
	EndGlobalSection
EndGlobal
