
Microsoft Visual Studio Solution File, Format Version 12.00
# Visual Studio Version 16
VisualStudioVersion = 16.0.30907.101
MinimumVisualStudioVersion = 10.0.40219.1
Project("{FAE04EC0-301F-11D3-BF4B-00C04F79EFBC}") = "TrabCalculadora", "TrabCalculadora\TrabCalculadora.csproj", "{3097DC2C-BA45-4D96-A374-0EF68EF68263}"
EndProject
Global
	GlobalSection(SolutionConfigurationPlatforms) = preSolution
		Debug|Any CPU = Debug|Any CPU
		Release|Any CPU = Release|Any CPU
	EndGlobalSection
	GlobalSection(ProjectConfigurationPlatforms) = postSolution
		{3097DC2C-BA45-4D96-A374-0EF68EF68263}.Debug|Any CPU.ActiveCfg = Debug|Any CPU
		{3097DC2C-BA45-4D96-A374-0EF68EF68263}.Debug|Any CPU.Build.0 = Debug|Any CPU
		{3097DC2C-BA45-4D96-A374-0EF68EF68263}.Release|Any CPU.ActiveCfg = Release|Any CPU
		{3097DC2C-BA45-4D96-A374-0EF68EF68263}.Release|Any CPU.Build.0 = Release|Any CPU
	EndGlobalSection
	GlobalSection(SolutionProperties) = preSolution
		HideSolutionNode = FALSE
	EndGlobalSection
	GlobalSection(ExtensibilityGlobals) = postSolution
		SolutionGuid = {DF7614C9-3BAF-4E29-AA5E-901AE7A88AC0}
	EndGlobalSection
EndGlobal
